// !$*UTF8*$!
{
	archiveVersion = 1;
	classes = {
	};
	objectVersion = 46;
	objects = {

/* Begin PBXFileReference section */
		4AD3382B1AAE338A000704A7 /* cstartup.c */ = {isa = PBXFileReference; fileEncoding = 4; lastKnownFileType = sourcecode.c.c; path = cstartup.c; sourceTree = "<group>"; };
		4AD3382C1AAE338A000704A7 /* cstubs.c */ = {isa = PBXFileReference; fileEncoding = 4; lastKnownFileType = sourcecode.c.c; path = cstubs.c; sourceTree = "<group>"; };
		4AD3382D1AAE338A000704A7 /* Makefile */ = {isa = PBXFileReference; fileEncoding = 4; lastKnownFileType = sourcecode.make; path = Makefile; sourceTree = "<group>"; };
		4AD3382E1AAE338A000704A7 /* rpi-armtimer.c */ = {isa = PBXFileReference; fileEncoding = 4; lastKnownFileType = sourcecode.c.c; path = "rpi-armtimer.c"; sourceTree = "<group>"; };
		4AD3382F1AAE338A000704A7 /* rpi-armtimer.h */ = {isa = PBXFileReference; fileEncoding = 4; lastKnownFileType = sourcecode.c.h; path = "rpi-armtimer.h"; sourceTree = "<group>"; };
		4AD338301AAE338A000704A7 /* rpi-base.h */ = {isa = PBXFileReference; fileEncoding = 4; lastKnownFileType = sourcecode.c.h; path = "rpi-base.h"; sourceTree = "<group>"; };
		4AD338311AAE338A000704A7 /* rpi-gpio.c */ = {isa = PBXFileReference; fileEncoding = 4; lastKnownFileType = sourcecode.c.c; path = "rpi-gpio.c"; sourceTree = "<group>"; };
		4AD338321AAE338A000704A7 /* rpi-gpio.h */ = {isa = PBXFileReference; fileEncoding = 4; lastKnownFileType = sourcecode.c.h; path = "rpi-gpio.h"; sourceTree = "<group>"; };
		4AD338331AAE338A000704A7 /* rpi-interrupts.c */ = {isa = PBXFileReference; fileEncoding = 4; lastKnownFileType = sourcecode.c.c; path = "rpi-interrupts.c"; sourceTree = "<group>"; };
		4AD338341AAE338A000704A7 /* rpi-interrupts.h */ = {isa = PBXFileReference; fileEncoding = 4; lastKnownFileType = sourcecode.c.h; path = "rpi-interrupts.h"; sourceTree = "<group>"; };
		4AD338351AAE338A000704A7 /* rpi-systimer.c */ = {isa = PBXFileReference; fileEncoding = 4; lastKnownFileType = sourcecode.c.c; path = "rpi-systimer.c"; sourceTree = "<group>"; };
		4AD338361AAE338A000704A7 /* rpi-systimer.h */ = {isa = PBXFileReference; fileEncoding = 4; lastKnownFileType = sourcecode.c.h; path = "rpi-systimer.h"; sourceTree = "<group>"; };
		4AD338371AAE338A000704A7 /* start.S */ = {isa = PBXFileReference; fileEncoding = 4; lastKnownFileType = sourcecode.asm; path = start.S; sourceTree = "<group>"; };
		4AD338381AAE338A000704A7 /* test-001.c */ = {isa = PBXFileReference; fileEncoding = 4; lastKnownFileType = sourcecode.c.c; path = "test-001.c"; sourceTree = "<group>"; };
/* End PBXFileReference section */

/* Begin PBXGroup section */
		4AD338201AAE3346000704A7 = {
			isa = PBXGroup;
			children = (
				4AD3382B1AAE338A000704A7 /* cstartup.c */,
				4AD3382C1AAE338A000704A7 /* cstubs.c */,
				4AD3382D1AAE338A000704A7 /* Makefile */,
				4AD3382E1AAE338A000704A7 /* rpi-armtimer.c */,
				4AD3382F1AAE338A000704A7 /* rpi-armtimer.h */,
				4AD338301AAE338A000704A7 /* rpi-base.h */,
				4AD338311AAE338A000704A7 /* rpi-gpio.c */,
				4AD338321AAE338A000704A7 /* rpi-gpio.h */,
				4AD338331AAE338A000704A7 /* rpi-interrupts.c */,
				4AD338341AAE338A000704A7 /* rpi-interrupts.h */,
				4AD338351AAE338A000704A7 /* rpi-systimer.c */,
				4AD338361AAE338A000704A7 /* rpi-systimer.h */,
				4AD338371AAE338A000704A7 /* start.S */,
				4AD338381AAE338A000704A7 /* test-001.c */,
			);
			sourceTree = "<group>";
		};
/* End PBXGroup section */

/* Begin PBXLegacyTarget section */
		4AD338251AAE3346000704A7 /* test012 */ = {
			isa = PBXLegacyTarget;
			buildArgumentsString = "$(ACTION)";
			buildConfigurationList = 4AD338281AAE3346000704A7 /* Build configuration list for PBXLegacyTarget "test012" */;
			buildPhases = (
			);
			buildToolPath = /usr/bin/make;
			dependencies = (
			);
			name = test012;
			passBuildSettingsInEnvironment = 1;
			productName = test012;
		};
/* End PBXLegacyTarget section */

/* Begin PBXProject section */
		4AD338211AAE3346000704A7 /* Project object */ = {
			isa = PBXProject;
			attributes = {
				LastUpgradeCheck = 0610;
				ORGANIZATIONNAME = "Tony Walmsley";
				TargetAttributes = {
					4AD338251AAE3346000704A7 = {
						CreatedOnToolsVersion = 6.1.1;
					};
				};
			};
			buildConfigurationList = 4AD338241AAE3346000704A7 /* Build configuration list for PBXProject "test012" */;
			compatibilityVersion = "Xcode 3.2";
			developmentRegion = English;
			hasScannedForEncodings = 0;
			knownRegions = (
				en,
			);
			mainGroup = 4AD338201AAE3346000704A7;
			projectDirPath = "";
			projectRoot = "";
			targets = (
				4AD338251AAE3346000704A7 /* test012 */,
			);
		};
/* End PBXProject section */

/* Begin XCBuildConfiguration section */
		4AD338261AAE3346000704A7 /* Debug */ = {
			isa = XCBuildConfiguration;
			buildSettings = {
				ALWAYS_SEARCH_USER_PATHS = NO;
				CLANG_CXX_LANGUAGE_STANDARD = "gnu++0x";
				CLANG_CXX_LIBRARY = "libc++";
				CLANG_ENABLE_MODULES = YES;
				CLANG_ENABLE_OBJC_ARC = YES;
				CLANG_WARN_BOOL_CONVERSION = YES;
				CLANG_WARN_CONSTANT_CONVERSION = YES;
				CLANG_WARN_DIRECT_OBJC_ISA_USAGE = YES_ERROR;
				CLANG_WARN_EMPTY_BODY = YES;
				CLANG_WARN_ENUM_CONVERSION = YES;
				CLANG_WARN_INT_CONVERSION = YES;
				CLANG_WARN_OBJC_ROOT_CLASS = YES_ERROR;
				CLANG_WARN_UNREACHABLE_CODE = YES;
				CLANG_WARN__DUPLICATE_METHOD_MATCH = YES;
				COPY_PHASE_STRIP = NO;
				ENABLE_STRICT_OBJC_MSGSEND = YES;
				GCC_C_LANGUAGE_STANDARD = gnu99;
				GCC_DYNAMIC_NO_PIC = NO;
				GCC_OPTIMIZATION_LEVEL = 0;
				GCC_PREPROCESSOR_DEFINITIONS = (
					"DEBUG=1",
					"$(inherited)",
				);
				GCC_SYMBOLS_PRIVATE_EXTERN = NO;
				GCC_WARN_64_TO_32_BIT_CONVERSION = YES;
				GCC_WARN_ABOUT_RETURN_TYPE = YES_ERROR;
				GCC_WARN_UNDECLARED_SELECTOR = YES;
				GCC_WARN_UNINITIALIZED_AUTOS = YES_AGGRESSIVE;
				GCC_WARN_UNUSED_FUNCTION = YES;
				GCC_WARN_UNUSED_VARIABLE = YES;
				MACOSX_DEPLOYMENT_TARGET = 10.10;
				MTL_ENABLE_DEBUG_INFO = YES;
				ONLY_ACTIVE_ARCH = YES;
				SDKROOT = macosx;
			};
			name = Debug;
		};
		4AD338271AAE3346000704A7 /* Release */ = {
			isa = XCBuildConfiguration;
			buildSettings = {
				ALWAYS_SEARCH_USER_PATHS = NO;
				CLANG_CXX_LANGUAGE_STANDARD = "gnu++0x";
				CLANG_CXX_LIBRARY = "libc++";
				CLANG_ENABLE_MODULES = YES;
				CLANG_ENABLE_OBJC_ARC = YES;
				CLANG_WARN_BOOL_CONVERSION = YES;
				CLANG_WARN_CONSTANT_CONVERSION = YES;
				CLANG_WARN_DIRECT_OBJC_ISA_USAGE = YES_ERROR;
				CLANG_WARN_EMPTY_BODY = YES;
				CLANG_WARN_ENUM_CONVERSION = YES;
				CLANG_WARN_INT_CONVERSION = YES;
				CLANG_WARN_OBJC_ROOT_CLASS = YES_ERROR;
				CLANG_WARN_UNREACHABLE_CODE = YES;
				CLANG_WARN__DUPLICATE_METHOD_MATCH = YES;
				COPY_PHASE_STRIP = YES;
				DEBUG_INFORMATION_FORMAT = "dwarf-with-dsym";
				ENABLE_NS_ASSERTIONS = NO;
				ENABLE_STRICT_OBJC_MSGSEND = YES;
				GCC_C_LANGUAGE_STANDARD = gnu99;
				GCC_WARN_64_TO_32_BIT_CONVERSION = YES;
				GCC_WARN_ABOUT_RETURN_TYPE = YES_ERROR;
				GCC_WARN_UNDECLARED_SELECTOR = YES;
				GCC_WARN_UNINITIALIZED_AUTOS = YES_AGGRESSIVE;
				GCC_WARN_UNUSED_FUNCTION = YES;
				GCC_WARN_UNUSED_VARIABLE = YES;
				MACOSX_DEPLOYMENT_TARGET = 10.10;
				MTL_ENABLE_DEBUG_INFO = NO;
				SDKROOT = macosx;
			};
			name = Release;
		};
		4AD338291AAE3346000704A7 /* Debug */ = {
			isa = XCBuildConfiguration;
			buildSettings = {
				DEBUGGING_SYMBOLS = YES;
				GCC_GENERATE_DEBUGGING_SYMBOLS = YES;
				GCC_OPTIMIZATION_LEVEL = 0;
				OTHER_CFLAGS = "";
				OTHER_LDFLAGS = "";
				PRODUCT_NAME = "$(TARGET_NAME)";
			};
			name = Debug;
		};
		4AD3382A1AAE3346000704A7 /* Release */ = {
			isa = XCBuildConfiguration;
			buildSettings = {
				OTHER_CFLAGS = "";
				OTHER_LDFLAGS = "";
				PRODUCT_NAME = "$(TARGET_NAME)";
			};
			name = Release;
		};
/* End XCBuildConfiguration section */

/* Begin XCConfigurationList section */
		4AD338241AAE3346000704A7 /* Build configuration list for PBXProject "test012" */ = {
			isa = XCConfigurationList;
			buildConfigurations = (
				4AD338261AAE3346000704A7 /* Debug */,
				4AD338271AAE3346000704A7 /* Release */,
			);
			defaultConfigurationIsVisible = 0;
			defaultConfigurationName = Release;
		};
		4AD338281AAE3346000704A7 /* Build configuration list for PBXLegacyTarget "test012" */ = {
			isa = XCConfigurationList;
			buildConfigurations = (
				4AD338291AAE3346000704A7 /* Debug */,
				4AD3382A1AAE3346000704A7 /* Release */,
			);
			defaultConfigurationIsVisible = 0;
		};
/* End XCConfigurationList section */
	};
	rootObject = 4AD338211AAE3346000704A7 /* Project object */;
}
